
Microsoft Visual Studio Solution File, Format Version 12.00
# Visual Studio Version 16
VisualStudioVersion = 16.0.34031.81
MinimumVisualStudioVersion = 10.0.40219.1
Project("{D2ABAB84-BF74-430A-B69E-9DC6D40DDA17}") = "3rd_Project", "3rd_Project.dwproj", "{8C3A1EDB-2C32-46D6-81CA-C9643C083004}"
EndProject
Global
	GlobalSection(SolutionConfigurationPlatforms) = preSolution
		Development|Default = Development|Default
	EndGlobalSection
	GlobalSection(ProjectConfigurationPlatforms) = postSolution
		{8C3A1EDB-2C32-46D6-81CA-C9643C083004}.Development|Default.ActiveCfg = Development
		{8C3A1EDB-2C32-46D6-81CA-C9643C083004}.Development|Default.Build.0 = Development
		{8C3A1EDB-2C32-46D6-81CA-C9643C083004}.Development|Default.Deploy.0 = Development
	EndGlobalSection
	GlobalSection(SolutionProperties) = preSolution
		HideSolutionNode = FALSE
	EndGlobalSection
	GlobalSection(ExtensibilityGlobals) = postSolution
		SolutionGuid = {0D9AFCDF-F33C-460B-AC7A-A1CF07BE1308}
	EndGlobalSection
EndGlobal
